{
  "pins" : [
    {
      "identity" : "featureflowgit",
      "kind" : "remoteSourceControl",
      "location" : "https://github.com/BNE003/FeatureFlowGit",
      "state" : {
        "branch" : "main",
        "revision" : "4d6c82c0dea3a78de13c85a723b61ee2c58c1445"
      }
    }
  ],
  "version" : 2
}
